
Microsoft Visual Studio Solution File, Format Version 12.00
# Visual Studio Version 17
VisualStudioVersion = 17.12.35527.113
MinimumVisualStudioVersion = 10.0.40219.1
Project("{FAE04EC0-301F-11D3-BF4B-00C04F79EFBC}") = "BeckhoffResolver", "BeckhoffResolver\BeckhoffResolver.csproj", "{AC70E5CC-03D3-4C0F-81A6-666416010610}"
EndProject
Project("{FAE04EC0-301F-11D3-BF4B-00C04F79EFBC}") = "DataGenerator.Beckhoff.Shared", "DataGenerator.Beckhoff.Shared\DataGenerator.Beckhoff.Shared.csproj", "{2610B741-1D2D-492C-AA94-B8134CFB110C}"
EndProject
Project("{FAE04EC0-301F-11D3-BF4B-00C04F79EFBC}") = "DataGenerator.Beckhoff", "DataGenerator.Beckhoff\DataGenerator.Beckhoff.csproj", "{2C21FFF0-8172-4617-A8D7-DD79FD9A7E85}"
EndProject
Project("{FAE04EC0-301F-11D3-BF4B-00C04F79EFBC}") = "PLCManager.Demo", "PLCManager.Demo\PLCManager.Demo.csproj", "{0D10AF3B-CDAD-4C90-AA18-6A5C67F72CF1}"
EndProject
Project("{FAE04EC0-301F-11D3-BF4B-00C04F79EFBC}") = "PLCTest", "PLCTest\PLCTest.csproj", "{0F42E073-57D8-4A41-B323-F405EA0DF221}"
EndProject
Project("{FAE04EC0-301F-11D3-BF4B-00C04F79EFBC}") = "PLCManager.Interface", "PLCManager.Interface\PLCManager.Interface.csproj", "{85FD9082-A461-4E61-A200-58162E373B6E}"
EndProject
Project("{2150E333-8FDC-42A3-9474-1A3956D46DE8}") = "Tools", "Tools", "{02EA681E-C7D8-13C7-8484-4AC65E1B71E8}"
EndProject
Project("{2150E333-8FDC-42A3-9474-1A3956D46DE8}") = "Demo", "Demo", "{F5E390AC-122A-4700-BBCD-44C39C81BC6D}"
EndProject
Project("{2150E333-8FDC-42A3-9474-1A3956D46DE8}") = "Base", "Base", "{D5FD9E58-7DB6-4333-A406-C51FAA9C8D23}"
EndProject
Global
	GlobalSection(SolutionConfigurationPlatforms) = preSolution
		Debug|Any CPU = Debug|Any CPU
		Debug|x64 = Debug|x64
		Release|Any CPU = Release|Any CPU
		Release|x64 = Release|x64
	EndGlobalSection
	GlobalSection(ProjectConfigurationPlatforms) = postSolution
		{AC70E5CC-03D3-4C0F-81A6-666416010610}.Debug|Any CPU.ActiveCfg = Debug|Any CPU
		{AC70E5CC-03D3-4C0F-81A6-666416010610}.Debug|Any CPU.Build.0 = Debug|Any CPU
		{AC70E5CC-03D3-4C0F-81A6-666416010610}.Debug|x64.ActiveCfg = Debug|x64
		{AC70E5CC-03D3-4C0F-81A6-666416010610}.Debug|x64.Build.0 = Debug|x64
		{AC70E5CC-03D3-4C0F-81A6-666416010610}.Release|Any CPU.ActiveCfg = Release|Any CPU
		{AC70E5CC-03D3-4C0F-81A6-666416010610}.Release|Any CPU.Build.0 = Release|Any CPU
		{AC70E5CC-03D3-4C0F-81A6-666416010610}.Release|x64.ActiveCfg = Release|x64
		{AC70E5CC-03D3-4C0F-81A6-666416010610}.Release|x64.Build.0 = Release|x64
		{2610B741-1D2D-492C-AA94-B8134CFB110C}.Debug|Any CPU.ActiveCfg = Debug|Any CPU
		{2610B741-1D2D-492C-AA94-B8134CFB110C}.Debug|Any CPU.Build.0 = Debug|Any CPU
		{2610B741-1D2D-492C-AA94-B8134CFB110C}.Debug|x64.ActiveCfg = Debug|x64
		{2610B741-1D2D-492C-AA94-B8134CFB110C}.Debug|x64.Build.0 = Debug|x64
		{2610B741-1D2D-492C-AA94-B8134CFB110C}.Release|Any CPU.ActiveCfg = Release|Any CPU
		{2610B741-1D2D-492C-AA94-B8134CFB110C}.Release|Any CPU.Build.0 = Release|Any CPU
		{2610B741-1D2D-492C-AA94-B8134CFB110C}.Release|x64.ActiveCfg = Release|x64
		{2610B741-1D2D-492C-AA94-B8134CFB110C}.Release|x64.Build.0 = Release|x64
		{2C21FFF0-8172-4617-A8D7-DD79FD9A7E85}.Debug|Any CPU.ActiveCfg = Debug|Any CPU
		{2C21FFF0-8172-4617-A8D7-DD79FD9A7E85}.Debug|Any CPU.Build.0 = Debug|Any CPU
		{2C21FFF0-8172-4617-A8D7-DD79FD9A7E85}.Debug|x64.ActiveCfg = Debug|x64
		{2C21FFF0-8172-4617-A8D7-DD79FD9A7E85}.Debug|x64.Build.0 = Debug|x64
		{2C21FFF0-8172-4617-A8D7-DD79FD9A7E85}.Release|Any CPU.ActiveCfg = Release|Any CPU
		{2C21FFF0-8172-4617-A8D7-DD79FD9A7E85}.Release|Any CPU.Build.0 = Release|Any CPU
		{2C21FFF0-8172-4617-A8D7-DD79FD9A7E85}.Release|x64.ActiveCfg = Release|x64
		{2C21FFF0-8172-4617-A8D7-DD79FD9A7E85}.Release|x64.Build.0 = Release|x64
		{0D10AF3B-CDAD-4C90-AA18-6A5C67F72CF1}.Debug|Any CPU.ActiveCfg = Debug|Any CPU
		{0D10AF3B-CDAD-4C90-AA18-6A5C67F72CF1}.Debug|Any CPU.Build.0 = Debug|Any CPU
		{0D10AF3B-CDAD-4C90-AA18-6A5C67F72CF1}.Debug|x64.ActiveCfg = Debug|x64
		{0D10AF3B-CDAD-4C90-AA18-6A5C67F72CF1}.Debug|x64.Build.0 = Debug|x64
		{0D10AF3B-CDAD-4C90-AA18-6A5C67F72CF1}.Release|Any CPU.ActiveCfg = Release|Any CPU
		{0D10AF3B-CDAD-4C90-AA18-6A5C67F72CF1}.Release|Any CPU.Build.0 = Release|Any CPU
		{0D10AF3B-CDAD-4C90-AA18-6A5C67F72CF1}.Release|x64.ActiveCfg = Release|x64
		{0D10AF3B-CDAD-4C90-AA18-6A5C67F72CF1}.Release|x64.Build.0 = Release|x64
		{0F42E073-57D8-4A41-B323-F405EA0DF221}.Debug|Any CPU.ActiveCfg = Debug|Any CPU
		{0F42E073-57D8-4A41-B323-F405EA0DF221}.Debug|Any CPU.Build.0 = Debug|Any CPU
		{0F42E073-57D8-4A41-B323-F405EA0DF221}.Debug|x64.ActiveCfg = Debug|Any CPU
		{0F42E073-57D8-4A41-B323-F405EA0DF221}.Debug|x64.Build.0 = Debug|Any CPU
		{0F42E073-57D8-4A41-B323-F405EA0DF221}.Release|Any CPU.ActiveCfg = Release|Any CPU
		{0F42E073-57D8-4A41-B323-F405EA0DF221}.Release|Any CPU.Build.0 = Release|Any CPU
		{0F42E073-57D8-4A41-B323-F405EA0DF221}.Release|x64.ActiveCfg = Release|Any CPU
		{0F42E073-57D8-4A41-B323-F405EA0DF221}.Release|x64.Build.0 = Release|Any CPU
		{85FD9082-A461-4E61-A200-58162E373B6E}.Debug|Any CPU.ActiveCfg = Debug|Any CPU
		{85FD9082-A461-4E61-A200-58162E373B6E}.Debug|Any CPU.Build.0 = Debug|Any CPU
		{85FD9082-A461-4E61-A200-58162E373B6E}.Debug|x64.ActiveCfg = Debug|Any CPU
		{85FD9082-A461-4E61-A200-58162E373B6E}.Debug|x64.Build.0 = Debug|Any CPU
		{85FD9082-A461-4E61-A200-58162E373B6E}.Release|Any CPU.ActiveCfg = Release|Any CPU
		{85FD9082-A461-4E61-A200-58162E373B6E}.Release|Any CPU.Build.0 = Release|Any CPU
		{85FD9082-A461-4E61-A200-58162E373B6E}.Release|x64.ActiveCfg = Release|Any CPU
		{85FD9082-A461-4E61-A200-58162E373B6E}.Release|x64.Build.0 = Release|Any CPU
	EndGlobalSection
	GlobalSection(SolutionProperties) = preSolution
		HideSolutionNode = FALSE
	EndGlobalSection
	GlobalSection(NestedProjects) = preSolution
		{AC70E5CC-03D3-4C0F-81A6-666416010610} = {02EA681E-C7D8-13C7-8484-4AC65E1B71E8}
		{2610B741-1D2D-492C-AA94-B8134CFB110C} = {02EA681E-C7D8-13C7-8484-4AC65E1B71E8}
		{2C21FFF0-8172-4617-A8D7-DD79FD9A7E85} = {02EA681E-C7D8-13C7-8484-4AC65E1B71E8}
		{0D10AF3B-CDAD-4C90-AA18-6A5C67F72CF1} = {F5E390AC-122A-4700-BBCD-44C39C81BC6D}
		{0F42E073-57D8-4A41-B323-F405EA0DF221} = {F5E390AC-122A-4700-BBCD-44C39C81BC6D}
		{85FD9082-A461-4E61-A200-58162E373B6E} = {D5FD9E58-7DB6-4333-A406-C51FAA9C8D23}
	EndGlobalSection
EndGlobal
